
Microsoft Visual Studio Solution File, Format Version 12.00
# Visual Studio 2013
VisualStudioVersion = 12.0.31101.0
MinimumVisualStudioVersion = 10.0.40219.1
Project("{2150E333-8FDC-42A3-9474-1A3956D46DE8}") = "Solution Items", "Solution Items", "{9113A748-D891-4DCB-AC1C-2720C2865CBF}"
	ProjectSection(SolutionItems) = preProject
		Local.testsettings = Local.testsettings
		SampleProject.vsmdi = SampleProject.vsmdi
		TraceAndTestImpact.testsettings = TraceAndTestImpact.testsettings
	EndProjectSection
EndProject
Project("{2150E333-8FDC-42A3-9474-1A3956D46DE8}") = "Src", "Src", "{BDB62E3F-C9C1-4985-8E01-929869FE8DA0}"
EndProject
Project("{2150E333-8FDC-42A3-9474-1A3956D46DE8}") = "Tests", "Tests", "{172884CE-6772-49B3-A0F3-860F49E24769}"
EndProject
Project("{FAE04EC0-301F-11D3-BF4B-00C04F79EFBC}") = "FlightUpgrade", "Src\FlightUpgrade\FlightUpgrade.btproj", "{EA616BF2-1839-4154-89E7-E66C6E6022FF}"
EndProject
Project("{FAE04EC0-301F-11D3-BF4B-00C04F79EFBC}") = "FlightUpgrade.Tests", "Tests\FlightUpgrade.Tests\FlightUpgrade.Tests.csproj", "{48780862-5068-4B41-88A8-3FE5A58C9869}"
EndProject
Global
	GlobalSection(SolutionConfigurationPlatforms) = preSolution
		Debug|Any CPU = Debug|Any CPU
		Release|Any CPU = Release|Any CPU
	EndGlobalSection
	GlobalSection(ProjectConfigurationPlatforms) = postSolution
		{EA616BF2-1839-4154-89E7-E66C6E6022FF}.Debug|Any CPU.ActiveCfg = Debug|Any CPU
		{EA616BF2-1839-4154-89E7-E66C6E6022FF}.Debug|Any CPU.Build.0 = Debug|Any CPU
		{EA616BF2-1839-4154-89E7-E66C6E6022FF}.Debug|Any CPU.Deploy.0 = Debug|Any CPU
		{EA616BF2-1839-4154-89E7-E66C6E6022FF}.Release|Any CPU.ActiveCfg = Release|Any CPU
		{EA616BF2-1839-4154-89E7-E66C6E6022FF}.Release|Any CPU.Build.0 = Release|Any CPU
		{EA616BF2-1839-4154-89E7-E66C6E6022FF}.Release|Any CPU.Deploy.0 = Release|Any CPU
		{48780862-5068-4B41-88A8-3FE5A58C9869}.Debug|Any CPU.ActiveCfg = Debug|Any CPU
		{48780862-5068-4B41-88A8-3FE5A58C9869}.Debug|Any CPU.Build.0 = Debug|Any CPU
		{48780862-5068-4B41-88A8-3FE5A58C9869}.Release|Any CPU.ActiveCfg = Release|Any CPU
		{48780862-5068-4B41-88A8-3FE5A58C9869}.Release|Any CPU.Build.0 = Release|Any CPU
	EndGlobalSection
	GlobalSection(SolutionProperties) = preSolution
		HideSolutionNode = FALSE
	EndGlobalSection
	GlobalSection(NestedProjects) = preSolution
		{EA616BF2-1839-4154-89E7-E66C6E6022FF} = {BDB62E3F-C9C1-4985-8E01-929869FE8DA0}
		{48780862-5068-4B41-88A8-3FE5A58C9869} = {172884CE-6772-49B3-A0F3-860F49E24769}
	EndGlobalSection
	GlobalSection(TestCaseManagementSettings) = postSolution
		CategoryFile = SampleProject.vsmdi
	EndGlobalSection
EndGlobal
